
Microsoft Visual Studio Solution File, Format Version 12.00
# Visual Studio Version 16
VisualStudioVersion = 16.0.29911.84
MinimumVisualStudioVersion = 10.0.40219.1
Project("{FAE04EC0-301F-11D3-BF4B-00C04F79EFBC}") = "grocery-list-backend", "grocery-list-backend\grocery-list-backend.csproj", "{7FC517D6-1314-4BA6-9EAB-7CD3123BAEF4}"
EndProject
Global
	GlobalSection(SolutionConfigurationPlatforms) = preSolution
		Debug|Any CPU = Debug|Any CPU
		Release|Any CPU = Release|Any CPU
	EndGlobalSection
	GlobalSection(ProjectConfigurationPlatforms) = postSolution
		{7FC517D6-1314-4BA6-9EAB-7CD3123BAEF4}.Debug|Any CPU.ActiveCfg = Debug|Any CPU
		{7FC517D6-1314-4BA6-9EAB-7CD3123BAEF4}.Debug|Any CPU.Build.0 = Debug|Any CPU
		{7FC517D6-1314-4BA6-9EAB-7CD3123BAEF4}.Release|Any CPU.ActiveCfg = Release|Any CPU
		{7FC517D6-1314-4BA6-9EAB-7CD3123BAEF4}.Release|Any CPU.Build.0 = Release|Any CPU
	EndGlobalSection
	GlobalSection(SolutionProperties) = preSolution
		HideSolutionNode = FALSE
	EndGlobalSection
	GlobalSection(ExtensibilityGlobals) = postSolution
		SolutionGuid = {44561D41-5801-4797-9C33-D13EDA62128F}
	EndGlobalSection
EndGlobal
